
Microsoft Visual Studio Solution File, Format Version 12.00
# Visual Studio 15
VisualStudioVersion = 15.0.27130.2010
MinimumVisualStudioVersion = 10.0.40219.1
Project("{2150E333-8FDC-42A3-9474-1A3956D46DE8}") = "20. Legal", "20. Legal", "{944619E8-3343-4E08-AF52-74AA6502CF26}"
EndProject
Project("{2150E333-8FDC-42A3-9474-1A3956D46DE8}") = "30. Chem", "30. Chem", "{10A71A40-2130-43F0-816F-320D81BDD050}"
EndProject
Project("{2150E333-8FDC-42A3-9474-1A3956D46DE8}") = "90. Test", "90. Test", "{886D924B-1433-4EE2-A3B7-A872F395E9DB}"
EndProject
Project("{2150E333-8FDC-42A3-9474-1A3956D46DE8}") = "40. Utility", "40. Utility", "{B6A06AAE-1BDE-4D9B-B48F-1AD11FA97B4C}"
EndProject
Project("{2150E333-8FDC-42A3-9474-1A3956D46DE8}") = "10. ESHCloud", "10. ESHCloud", "{2D0118A7-6E13-4D99-973D-30F91AAB1177}"
EndProject
Project("{9A19103F-16F7-4668-BE54-9A1E7A4F7556}") = "ESHCloud.Tools", "ESHCloud.Tools\ESHCloud.Tools.csproj", "{FD87FDDF-789F-4955-8273-C478D4E52573}"
EndProject
Project("{9A19103F-16F7-4668-BE54-9A1E7A4F7556}") = "Legal.LawSearch", "Legal.LawSearch\Legal.LawSearch.csproj", "{17E5DA6F-3DF4-430A-AF3C-13CD2D424477}"
EndProject
Project("{9A19103F-16F7-4668-BE54-9A1E7A4F7556}") = "ESHCloud.Auth", "ESHCloud.Auth\ESHCloud.Auth.csproj", "{32B89445-347A-4BED-8A64-6D0AF6673F3D}"
EndProject
Project("{9A19103F-16F7-4668-BE54-9A1E7A4F7556}") = "Chem.SDSParse", "Chem.SDSParse\Chem.SDSParse.csproj", "{08CDB58A-0140-430E-AEC1-13F231331339}"
EndProject
Project("{9A19103F-16F7-4668-BE54-9A1E7A4F7556}") = "Utility.WishNotification", "Utility.WishNotification\Utility.WishNotification.csproj", "{A5A13938-79B7-4380-B94E-7A0C1D2CAC71}"
EndProject
Project("{9A19103F-16F7-4668-BE54-9A1E7A4F7556}") = "Legal", "Legal\Legal.csproj", "{08BEB2E0-3E62-41C6-9A08-8773284ED66E}"
EndProject
Project("{2150E333-8FDC-42A3-9474-1A3956D46DE8}") = "50.Config", "50.Config", "{BCE66241-CDE4-42A0-B7C9-B058535BEACD}"
EndProject
Project("{9A19103F-16F7-4668-BE54-9A1E7A4F7556}") = "ConfigLibrary", "ConfigLibrary\ConfigLibrary.csproj", "{B28AD78A-96A1-4ABC-A780-EBEC57BB0CE4}"
EndProject
Project("{9A19103F-16F7-4668-BE54-9A1E7A4F7556}") = "ESHCloud.Bulletine", "ESHCloud.Bulletine\ESHCloud.Bulletine.csproj", "{19C908EC-69F8-48D1-BAF4-97E9C38CAC54}"
EndProject
Project("{9A19103F-16F7-4668-BE54-9A1E7A4F7556}") = "ESHCloud.Base", "ESHCloud.Base\ESHCloud.Base.csproj", "{C259EF3D-CF66-46A9-863B-599377A2B1BF}"
EndProject
Project("{9A19103F-16F7-4668-BE54-9A1E7A4F7556}") = "ESHCloud.Test", "ESHCloud.Test\ESHCloud.Test.csproj", "{8B6FA3CA-7935-49AC-916C-091B1B5C052A}"
EndProject
Project("{9A19103F-16F7-4668-BE54-9A1E7A4F7556}") = "Legal.Test", "Legal.Test\Legal.Test.csproj", "{EE0921F8-F786-4103-9ABE-9E0B28444935}"
EndProject
Project("{9A19103F-16F7-4668-BE54-9A1E7A4F7556}") = "Chem.Test", "Chem.Test1\Chem.Test.csproj", "{83EC346D-3084-45B7-A1BA-2569441C27B2}"
EndProject
Project("{9A19103F-16F7-4668-BE54-9A1E7A4F7556}") = "Chem.ChemInfoCrawler", "Chem.ChemInfoCrawler\Chem.ChemInfoCrawler.csproj", "{6F4CE813-9E69-4AB4-89DF-8ECF4396588E}"
EndProject
Project("{9A19103F-16F7-4668-BE54-9A1E7A4F7556}") = "WS.Models", "WS.Models\WS.Models.csproj", "{9362CB82-95D7-49F0-AA21-5DD1ED6A8DD1}"
EndProject
Project("{9A19103F-16F7-4668-BE54-9A1E7A4F7556}") = "Legal.GazetteCrawler", "Legal.gazetteCrawler\Legal.GazetteCrawler.csproj", "{0DC51134-8347-4442-BFFD-6C7E5B614459}"
EndProject
Project("{9A19103F-16F7-4668-BE54-9A1E7A4F7556}") = "CrawlerFunction", "CrawlerFunction\CrawlerFunction.csproj", "{868A1D2C-9FA1-4E23-88F3-798829E235A5}"
EndProject
Project("{FAE04EC0-301F-11D3-BF4B-00C04F79EFBC}") = "Legal.AzureFunction", "Legal.AzureFunction\Legal.AzureFunction.csproj", "{4411D92E-DF62-4108-A1F8-C15304AD2159}"
EndProject
Global
	GlobalSection(SolutionConfigurationPlatforms) = preSolution
		Debug|Any CPU = Debug|Any CPU
		Debug|ARM = Debug|ARM
		Debug|x64 = Debug|x64
		Debug|x86 = Debug|x86
		Release|Any CPU = Release|Any CPU
		Release|ARM = Release|ARM
		Release|x64 = Release|x64
		Release|x86 = Release|x86
	EndGlobalSection
	GlobalSection(ProjectConfigurationPlatforms) = postSolution
		{FD87FDDF-789F-4955-8273-C478D4E52573}.Debug|Any CPU.ActiveCfg = Debug|Any CPU
		{FD87FDDF-789F-4955-8273-C478D4E52573}.Debug|Any CPU.Build.0 = Debug|Any CPU
		{FD87FDDF-789F-4955-8273-C478D4E52573}.Debug|ARM.ActiveCfg = Debug|Any CPU
		{FD87FDDF-789F-4955-8273-C478D4E52573}.Debug|ARM.Build.0 = Debug|Any CPU
		{FD87FDDF-789F-4955-8273-C478D4E52573}.Debug|x64.ActiveCfg = Debug|Any CPU
		{FD87FDDF-789F-4955-8273-C478D4E52573}.Debug|x64.Build.0 = Debug|Any CPU
		{FD87FDDF-789F-4955-8273-C478D4E52573}.Debug|x86.ActiveCfg = Debug|Any CPU
		{FD87FDDF-789F-4955-8273-C478D4E52573}.Debug|x86.Build.0 = Debug|Any CPU
		{FD87FDDF-789F-4955-8273-C478D4E52573}.Release|Any CPU.ActiveCfg = Release|Any CPU
		{FD87FDDF-789F-4955-8273-C478D4E52573}.Release|Any CPU.Build.0 = Release|Any CPU
		{FD87FDDF-789F-4955-8273-C478D4E52573}.Release|ARM.ActiveCfg = Release|Any CPU
		{FD87FDDF-789F-4955-8273-C478D4E52573}.Release|ARM.Build.0 = Release|Any CPU
		{FD87FDDF-789F-4955-8273-C478D4E52573}.Release|x64.ActiveCfg = Release|Any CPU
		{FD87FDDF-789F-4955-8273-C478D4E52573}.Release|x64.Build.0 = Release|Any CPU
		{FD87FDDF-789F-4955-8273-C478D4E52573}.Release|x86.ActiveCfg = Release|Any CPU
		{FD87FDDF-789F-4955-8273-C478D4E52573}.Release|x86.Build.0 = Release|Any CPU
		{17E5DA6F-3DF4-430A-AF3C-13CD2D424477}.Debug|Any CPU.ActiveCfg = Debug|Any CPU
		{17E5DA6F-3DF4-430A-AF3C-13CD2D424477}.Debug|Any CPU.Build.0 = Debug|Any CPU
		{17E5DA6F-3DF4-430A-AF3C-13CD2D424477}.Debug|ARM.ActiveCfg = Debug|Any CPU
		{17E5DA6F-3DF4-430A-AF3C-13CD2D424477}.Debug|ARM.Build.0 = Debug|Any CPU
		{17E5DA6F-3DF4-430A-AF3C-13CD2D424477}.Debug|x64.ActiveCfg = Debug|Any CPU
		{17E5DA6F-3DF4-430A-AF3C-13CD2D424477}.Debug|x64.Build.0 = Debug|Any CPU
		{17E5DA6F-3DF4-430A-AF3C-13CD2D424477}.Debug|x86.ActiveCfg = Debug|Any CPU
		{17E5DA6F-3DF4-430A-AF3C-13CD2D424477}.Debug|x86.Build.0 = Debug|Any CPU
		{17E5DA6F-3DF4-430A-AF3C-13CD2D424477}.Release|Any CPU.ActiveCfg = Release|Any CPU
		{17E5DA6F-3DF4-430A-AF3C-13CD2D424477}.Release|Any CPU.Build.0 = Release|Any CPU
		{17E5DA6F-3DF4-430A-AF3C-13CD2D424477}.Release|ARM.ActiveCfg = Release|Any CPU
		{17E5DA6F-3DF4-430A-AF3C-13CD2D424477}.Release|ARM.Build.0 = Release|Any CPU
		{17E5DA6F-3DF4-430A-AF3C-13CD2D424477}.Release|x64.ActiveCfg = Release|Any CPU
		{17E5DA6F-3DF4-430A-AF3C-13CD2D424477}.Release|x64.Build.0 = Release|Any CPU
		{17E5DA6F-3DF4-430A-AF3C-13CD2D424477}.Release|x86.ActiveCfg = Release|Any CPU
		{17E5DA6F-3DF4-430A-AF3C-13CD2D424477}.Release|x86.Build.0 = Release|Any CPU
		{32B89445-347A-4BED-8A64-6D0AF6673F3D}.Debug|Any CPU.ActiveCfg = Debug|Any CPU
		{32B89445-347A-4BED-8A64-6D0AF6673F3D}.Debug|Any CPU.Build.0 = Debug|Any CPU
		{32B89445-347A-4BED-8A64-6D0AF6673F3D}.Debug|ARM.ActiveCfg = Debug|Any CPU
		{32B89445-347A-4BED-8A64-6D0AF6673F3D}.Debug|ARM.Build.0 = Debug|Any CPU
		{32B89445-347A-4BED-8A64-6D0AF6673F3D}.Debug|x64.ActiveCfg = Debug|Any CPU
		{32B89445-347A-4BED-8A64-6D0AF6673F3D}.Debug|x64.Build.0 = Debug|Any CPU
		{32B89445-347A-4BED-8A64-6D0AF6673F3D}.Debug|x86.ActiveCfg = Debug|Any CPU
		{32B89445-347A-4BED-8A64-6D0AF6673F3D}.Debug|x86.Build.0 = Debug|Any CPU
		{32B89445-347A-4BED-8A64-6D0AF6673F3D}.Release|Any CPU.ActiveCfg = Release|Any CPU
		{32B89445-347A-4BED-8A64-6D0AF6673F3D}.Release|Any CPU.Build.0 = Release|Any CPU
		{32B89445-347A-4BED-8A64-6D0AF6673F3D}.Release|ARM.ActiveCfg = Release|Any CPU
		{32B89445-347A-4BED-8A64-6D0AF6673F3D}.Release|ARM.Build.0 = Release|Any CPU
		{32B89445-347A-4BED-8A64-6D0AF6673F3D}.Release|x64.ActiveCfg = Release|Any CPU
		{32B89445-347A-4BED-8A64-6D0AF6673F3D}.Release|x64.Build.0 = Release|Any CPU
		{32B89445-347A-4BED-8A64-6D0AF6673F3D}.Release|x86.ActiveCfg = Release|Any CPU
		{32B89445-347A-4BED-8A64-6D0AF6673F3D}.Release|x86.Build.0 = Release|Any CPU
		{08CDB58A-0140-430E-AEC1-13F231331339}.Debug|Any CPU.ActiveCfg = Debug|Any CPU
		{08CDB58A-0140-430E-AEC1-13F231331339}.Debug|Any CPU.Build.0 = Debug|Any CPU
		{08CDB58A-0140-430E-AEC1-13F231331339}.Debug|ARM.ActiveCfg = Debug|Any CPU
		{08CDB58A-0140-430E-AEC1-13F231331339}.Debug|ARM.Build.0 = Debug|Any CPU
		{08CDB58A-0140-430E-AEC1-13F231331339}.Debug|x64.ActiveCfg = Debug|Any CPU
		{08CDB58A-0140-430E-AEC1-13F231331339}.Debug|x64.Build.0 = Debug|Any CPU
		{08CDB58A-0140-430E-AEC1-13F231331339}.Debug|x86.ActiveCfg = Debug|Any CPU
		{08CDB58A-0140-430E-AEC1-13F231331339}.Debug|x86.Build.0 = Debug|Any CPU
		{08CDB58A-0140-430E-AEC1-13F231331339}.Release|Any CPU.ActiveCfg = Release|Any CPU
		{08CDB58A-0140-430E-AEC1-13F231331339}.Release|Any CPU.Build.0 = Release|Any CPU
		{08CDB58A-0140-430E-AEC1-13F231331339}.Release|ARM.ActiveCfg = Release|Any CPU
		{08CDB58A-0140-430E-AEC1-13F231331339}.Release|ARM.Build.0 = Release|Any CPU
		{08CDB58A-0140-430E-AEC1-13F231331339}.Release|x64.ActiveCfg = Release|Any CPU
		{08CDB58A-0140-430E-AEC1-13F231331339}.Release|x64.Build.0 = Release|Any CPU
		{08CDB58A-0140-430E-AEC1-13F231331339}.Release|x86.ActiveCfg = Release|Any CPU
		{08CDB58A-0140-430E-AEC1-13F231331339}.Release|x86.Build.0 = Release|Any CPU
		{A5A13938-79B7-4380-B94E-7A0C1D2CAC71}.Debug|Any CPU.ActiveCfg = Debug|Any CPU
		{A5A13938-79B7-4380-B94E-7A0C1D2CAC71}.Debug|Any CPU.Build.0 = Debug|Any CPU
		{A5A13938-79B7-4380-B94E-7A0C1D2CAC71}.Debug|ARM.ActiveCfg = Debug|Any CPU
		{A5A13938-79B7-4380-B94E-7A0C1D2CAC71}.Debug|ARM.Build.0 = Debug|Any CPU
		{A5A13938-79B7-4380-B94E-7A0C1D2CAC71}.Debug|x64.ActiveCfg = Debug|Any CPU
		{A5A13938-79B7-4380-B94E-7A0C1D2CAC71}.Debug|x64.Build.0 = Debug|Any CPU
		{A5A13938-79B7-4380-B94E-7A0C1D2CAC71}.Debug|x86.ActiveCfg = Debug|Any CPU
		{A5A13938-79B7-4380-B94E-7A0C1D2CAC71}.Debug|x86.Build.0 = Debug|Any CPU
		{A5A13938-79B7-4380-B94E-7A0C1D2CAC71}.Release|Any CPU.ActiveCfg = Release|Any CPU
		{A5A13938-79B7-4380-B94E-7A0C1D2CAC71}.Release|Any CPU.Build.0 = Release|Any CPU
		{A5A13938-79B7-4380-B94E-7A0C1D2CAC71}.Release|ARM.ActiveCfg = Release|Any CPU
		{A5A13938-79B7-4380-B94E-7A0C1D2CAC71}.Release|ARM.Build.0 = Release|Any CPU
		{A5A13938-79B7-4380-B94E-7A0C1D2CAC71}.Release|x64.ActiveCfg = Release|Any CPU
		{A5A13938-79B7-4380-B94E-7A0C1D2CAC71}.Release|x64.Build.0 = Release|Any CPU
		{A5A13938-79B7-4380-B94E-7A0C1D2CAC71}.Release|x86.ActiveCfg = Release|Any CPU
		{A5A13938-79B7-4380-B94E-7A0C1D2CAC71}.Release|x86.Build.0 = Release|Any CPU
		{08BEB2E0-3E62-41C6-9A08-8773284ED66E}.Debug|Any CPU.ActiveCfg = Debug|Any CPU
		{08BEB2E0-3E62-41C6-9A08-8773284ED66E}.Debug|Any CPU.Build.0 = Debug|Any CPU
		{08BEB2E0-3E62-41C6-9A08-8773284ED66E}.Debug|ARM.ActiveCfg = Debug|Any CPU
		{08BEB2E0-3E62-41C6-9A08-8773284ED66E}.Debug|ARM.Build.0 = Debug|Any CPU
		{08BEB2E0-3E62-41C6-9A08-8773284ED66E}.Debug|x64.ActiveCfg = Debug|Any CPU
		{08BEB2E0-3E62-41C6-9A08-8773284ED66E}.Debug|x64.Build.0 = Debug|Any CPU
		{08BEB2E0-3E62-41C6-9A08-8773284ED66E}.Debug|x86.ActiveCfg = Debug|Any CPU
		{08BEB2E0-3E62-41C6-9A08-8773284ED66E}.Debug|x86.Build.0 = Debug|Any CPU
		{08BEB2E0-3E62-41C6-9A08-8773284ED66E}.Release|Any CPU.ActiveCfg = Release|Any CPU
		{08BEB2E0-3E62-41C6-9A08-8773284ED66E}.Release|Any CPU.Build.0 = Release|Any CPU
		{08BEB2E0-3E62-41C6-9A08-8773284ED66E}.Release|ARM.ActiveCfg = Release|Any CPU
		{08BEB2E0-3E62-41C6-9A08-8773284ED66E}.Release|ARM.Build.0 = Release|Any CPU
		{08BEB2E0-3E62-41C6-9A08-8773284ED66E}.Release|x64.ActiveCfg = Release|Any CPU
		{08BEB2E0-3E62-41C6-9A08-8773284ED66E}.Release|x64.Build.0 = Release|Any CPU
		{08BEB2E0-3E62-41C6-9A08-8773284ED66E}.Release|x86.ActiveCfg = Release|Any CPU
		{08BEB2E0-3E62-41C6-9A08-8773284ED66E}.Release|x86.Build.0 = Release|Any CPU
		{B28AD78A-96A1-4ABC-A780-EBEC57BB0CE4}.Debug|Any CPU.ActiveCfg = Debug|Any CPU
		{B28AD78A-96A1-4ABC-A780-EBEC57BB0CE4}.Debug|Any CPU.Build.0 = Debug|Any CPU
		{B28AD78A-96A1-4ABC-A780-EBEC57BB0CE4}.Debug|ARM.ActiveCfg = Debug|Any CPU
		{B28AD78A-96A1-4ABC-A780-EBEC57BB0CE4}.Debug|ARM.Build.0 = Debug|Any CPU
		{B28AD78A-96A1-4ABC-A780-EBEC57BB0CE4}.Debug|x64.ActiveCfg = Debug|Any CPU
		{B28AD78A-96A1-4ABC-A780-EBEC57BB0CE4}.Debug|x64.Build.0 = Debug|Any CPU
		{B28AD78A-96A1-4ABC-A780-EBEC57BB0CE4}.Debug|x86.ActiveCfg = Debug|Any CPU
		{B28AD78A-96A1-4ABC-A780-EBEC57BB0CE4}.Debug|x86.Build.0 = Debug|Any CPU
		{B28AD78A-96A1-4ABC-A780-EBEC57BB0CE4}.Release|Any CPU.ActiveCfg = Release|Any CPU
		{B28AD78A-96A1-4ABC-A780-EBEC57BB0CE4}.Release|Any CPU.Build.0 = Release|Any CPU
		{B28AD78A-96A1-4ABC-A780-EBEC57BB0CE4}.Release|ARM.ActiveCfg = Release|Any CPU
		{B28AD78A-96A1-4ABC-A780-EBEC57BB0CE4}.Release|ARM.Build.0 = Release|Any CPU
		{B28AD78A-96A1-4ABC-A780-EBEC57BB0CE4}.Release|x64.ActiveCfg = Release|Any CPU
		{B28AD78A-96A1-4ABC-A780-EBEC57BB0CE4}.Release|x64.Build.0 = Release|Any CPU
		{B28AD78A-96A1-4ABC-A780-EBEC57BB0CE4}.Release|x86.ActiveCfg = Release|Any CPU
		{B28AD78A-96A1-4ABC-A780-EBEC57BB0CE4}.Release|x86.Build.0 = Release|Any CPU
		{19C908EC-69F8-48D1-BAF4-97E9C38CAC54}.Debug|Any CPU.ActiveCfg = Debug|Any CPU
		{19C908EC-69F8-48D1-BAF4-97E9C38CAC54}.Debug|Any CPU.Build.0 = Debug|Any CPU
		{19C908EC-69F8-48D1-BAF4-97E9C38CAC54}.Debug|ARM.ActiveCfg = Debug|Any CPU
		{19C908EC-69F8-48D1-BAF4-97E9C38CAC54}.Debug|ARM.Build.0 = Debug|Any CPU
		{19C908EC-69F8-48D1-BAF4-97E9C38CAC54}.Debug|x64.ActiveCfg = Debug|Any CPU
		{19C908EC-69F8-48D1-BAF4-97E9C38CAC54}.Debug|x64.Build.0 = Debug|Any CPU
		{19C908EC-69F8-48D1-BAF4-97E9C38CAC54}.Debug|x86.ActiveCfg = Debug|Any CPU
		{19C908EC-69F8-48D1-BAF4-97E9C38CAC54}.Debug|x86.Build.0 = Debug|Any CPU
		{19C908EC-69F8-48D1-BAF4-97E9C38CAC54}.Release|Any CPU.ActiveCfg = Release|Any CPU
		{19C908EC-69F8-48D1-BAF4-97E9C38CAC54}.Release|Any CPU.Build.0 = Release|Any CPU
		{19C908EC-69F8-48D1-BAF4-97E9C38CAC54}.Release|ARM.ActiveCfg = Release|Any CPU
		{19C908EC-69F8-48D1-BAF4-97E9C38CAC54}.Release|ARM.Build.0 = Release|Any CPU
		{19C908EC-69F8-48D1-BAF4-97E9C38CAC54}.Release|x64.ActiveCfg = Release|Any CPU
		{19C908EC-69F8-48D1-BAF4-97E9C38CAC54}.Release|x64.Build.0 = Release|Any CPU
		{19C908EC-69F8-48D1-BAF4-97E9C38CAC54}.Release|x86.ActiveCfg = Release|Any CPU
		{19C908EC-69F8-48D1-BAF4-97E9C38CAC54}.Release|x86.Build.0 = Release|Any CPU
		{C259EF3D-CF66-46A9-863B-599377A2B1BF}.Debug|Any CPU.ActiveCfg = Debug|Any CPU
		{C259EF3D-CF66-46A9-863B-599377A2B1BF}.Debug|Any CPU.Build.0 = Debug|Any CPU
		{C259EF3D-CF66-46A9-863B-599377A2B1BF}.Debug|ARM.ActiveCfg = Debug|Any CPU
		{C259EF3D-CF66-46A9-863B-599377A2B1BF}.Debug|ARM.Build.0 = Debug|Any CPU
		{C259EF3D-CF66-46A9-863B-599377A2B1BF}.Debug|x64.ActiveCfg = Debug|Any CPU
		{C259EF3D-CF66-46A9-863B-599377A2B1BF}.Debug|x64.Build.0 = Debug|Any CPU
		{C259EF3D-CF66-46A9-863B-599377A2B1BF}.Debug|x86.ActiveCfg = Debug|Any CPU
		{C259EF3D-CF66-46A9-863B-599377A2B1BF}.Debug|x86.Build.0 = Debug|Any CPU
		{C259EF3D-CF66-46A9-863B-599377A2B1BF}.Release|Any CPU.ActiveCfg = Release|Any CPU
		{C259EF3D-CF66-46A9-863B-599377A2B1BF}.Release|Any CPU.Build.0 = Release|Any CPU
		{C259EF3D-CF66-46A9-863B-599377A2B1BF}.Release|ARM.ActiveCfg = Release|Any CPU
		{C259EF3D-CF66-46A9-863B-599377A2B1BF}.Release|ARM.Build.0 = Release|Any CPU
		{C259EF3D-CF66-46A9-863B-599377A2B1BF}.Release|x64.ActiveCfg = Release|Any CPU
		{C259EF3D-CF66-46A9-863B-599377A2B1BF}.Release|x64.Build.0 = Release|Any CPU
		{C259EF3D-CF66-46A9-863B-599377A2B1BF}.Release|x86.ActiveCfg = Release|Any CPU
		{C259EF3D-CF66-46A9-863B-599377A2B1BF}.Release|x86.Build.0 = Release|Any CPU
		{8B6FA3CA-7935-49AC-916C-091B1B5C052A}.Debug|Any CPU.ActiveCfg = Debug|Any CPU
		{8B6FA3CA-7935-49AC-916C-091B1B5C052A}.Debug|Any CPU.Build.0 = Debug|Any CPU
		{8B6FA3CA-7935-49AC-916C-091B1B5C052A}.Debug|ARM.ActiveCfg = Debug|Any CPU
		{8B6FA3CA-7935-49AC-916C-091B1B5C052A}.Debug|ARM.Build.0 = Debug|Any CPU
		{8B6FA3CA-7935-49AC-916C-091B1B5C052A}.Debug|x64.ActiveCfg = Debug|Any CPU
		{8B6FA3CA-7935-49AC-916C-091B1B5C052A}.Debug|x64.Build.0 = Debug|Any CPU
		{8B6FA3CA-7935-49AC-916C-091B1B5C052A}.Debug|x86.ActiveCfg = Debug|Any CPU
		{8B6FA3CA-7935-49AC-916C-091B1B5C052A}.Debug|x86.Build.0 = Debug|Any CPU
		{8B6FA3CA-7935-49AC-916C-091B1B5C052A}.Release|Any CPU.ActiveCfg = Release|Any CPU
		{8B6FA3CA-7935-49AC-916C-091B1B5C052A}.Release|Any CPU.Build.0 = Release|Any CPU
		{8B6FA3CA-7935-49AC-916C-091B1B5C052A}.Release|ARM.ActiveCfg = Release|Any CPU
		{8B6FA3CA-7935-49AC-916C-091B1B5C052A}.Release|ARM.Build.0 = Release|Any CPU
		{8B6FA3CA-7935-49AC-916C-091B1B5C052A}.Release|x64.ActiveCfg = Release|Any CPU
		{8B6FA3CA-7935-49AC-916C-091B1B5C052A}.Release|x64.Build.0 = Release|Any CPU
		{8B6FA3CA-7935-49AC-916C-091B1B5C052A}.Release|x86.ActiveCfg = Release|Any CPU
		{8B6FA3CA-7935-49AC-916C-091B1B5C052A}.Release|x86.Build.0 = Release|Any CPU
		{EE0921F8-F786-4103-9ABE-9E0B28444935}.Debug|Any CPU.ActiveCfg = Debug|Any CPU
		{EE0921F8-F786-4103-9ABE-9E0B28444935}.Debug|Any CPU.Build.0 = Debug|Any CPU
		{EE0921F8-F786-4103-9ABE-9E0B28444935}.Debug|ARM.ActiveCfg = Debug|Any CPU
		{EE0921F8-F786-4103-9ABE-9E0B28444935}.Debug|ARM.Build.0 = Debug|Any CPU
		{EE0921F8-F786-4103-9ABE-9E0B28444935}.Debug|x64.ActiveCfg = Debug|Any CPU
		{EE0921F8-F786-4103-9ABE-9E0B28444935}.Debug|x64.Build.0 = Debug|Any CPU
		{EE0921F8-F786-4103-9ABE-9E0B28444935}.Debug|x86.ActiveCfg = Debug|Any CPU
		{EE0921F8-F786-4103-9ABE-9E0B28444935}.Debug|x86.Build.0 = Debug|Any CPU
		{EE0921F8-F786-4103-9ABE-9E0B28444935}.Release|Any CPU.ActiveCfg = Release|Any CPU
		{EE0921F8-F786-4103-9ABE-9E0B28444935}.Release|Any CPU.Build.0 = Release|Any CPU
		{EE0921F8-F786-4103-9ABE-9E0B28444935}.Release|ARM.ActiveCfg = Release|Any CPU
		{EE0921F8-F786-4103-9ABE-9E0B28444935}.Release|ARM.Build.0 = Release|Any CPU
		{EE0921F8-F786-4103-9ABE-9E0B28444935}.Release|x64.ActiveCfg = Release|Any CPU
		{EE0921F8-F786-4103-9ABE-9E0B28444935}.Release|x64.Build.0 = Release|Any CPU
		{EE0921F8-F786-4103-9ABE-9E0B28444935}.Release|x86.ActiveCfg = Release|Any CPU
		{EE0921F8-F786-4103-9ABE-9E0B28444935}.Release|x86.Build.0 = Release|Any CPU
		{83EC346D-3084-45B7-A1BA-2569441C27B2}.Debug|Any CPU.ActiveCfg = Debug|Any CPU
		{83EC346D-3084-45B7-A1BA-2569441C27B2}.Debug|Any CPU.Build.0 = Debug|Any CPU
		{83EC346D-3084-45B7-A1BA-2569441C27B2}.Debug|ARM.ActiveCfg = Debug|Any CPU
		{83EC346D-3084-45B7-A1BA-2569441C27B2}.Debug|ARM.Build.0 = Debug|Any CPU
		{83EC346D-3084-45B7-A1BA-2569441C27B2}.Debug|x64.ActiveCfg = Debug|Any CPU
		{83EC346D-3084-45B7-A1BA-2569441C27B2}.Debug|x64.Build.0 = Debug|Any CPU
		{83EC346D-3084-45B7-A1BA-2569441C27B2}.Debug|x86.ActiveCfg = Debug|Any CPU
		{83EC346D-3084-45B7-A1BA-2569441C27B2}.Debug|x86.Build.0 = Debug|Any CPU
		{83EC346D-3084-45B7-A1BA-2569441C27B2}.Release|Any CPU.ActiveCfg = Release|Any CPU
		{83EC346D-3084-45B7-A1BA-2569441C27B2}.Release|Any CPU.Build.0 = Release|Any CPU
		{83EC346D-3084-45B7-A1BA-2569441C27B2}.Release|ARM.ActiveCfg = Release|Any CPU
		{83EC346D-3084-45B7-A1BA-2569441C27B2}.Release|ARM.Build.0 = Release|Any CPU
		{83EC346D-3084-45B7-A1BA-2569441C27B2}.Release|x64.ActiveCfg = Release|Any CPU
		{83EC346D-3084-45B7-A1BA-2569441C27B2}.Release|x64.Build.0 = Release|Any CPU
		{83EC346D-3084-45B7-A1BA-2569441C27B2}.Release|x86.ActiveCfg = Release|Any CPU
		{83EC346D-3084-45B7-A1BA-2569441C27B2}.Release|x86.Build.0 = Release|Any CPU
		{6F4CE813-9E69-4AB4-89DF-8ECF4396588E}.Debug|Any CPU.ActiveCfg = Debug|Any CPU
		{6F4CE813-9E69-4AB4-89DF-8ECF4396588E}.Debug|Any CPU.Build.0 = Debug|Any CPU
		{6F4CE813-9E69-4AB4-89DF-8ECF4396588E}.Debug|ARM.ActiveCfg = Debug|Any CPU
		{6F4CE813-9E69-4AB4-89DF-8ECF4396588E}.Debug|ARM.Build.0 = Debug|Any CPU
		{6F4CE813-9E69-4AB4-89DF-8ECF4396588E}.Debug|x64.ActiveCfg = Debug|Any CPU
		{6F4CE813-9E69-4AB4-89DF-8ECF4396588E}.Debug|x64.Build.0 = Debug|Any CPU
		{6F4CE813-9E69-4AB4-89DF-8ECF4396588E}.Debug|x86.ActiveCfg = Debug|Any CPU
		{6F4CE813-9E69-4AB4-89DF-8ECF4396588E}.Debug|x86.Build.0 = Debug|Any CPU
		{6F4CE813-9E69-4AB4-89DF-8ECF4396588E}.Release|Any CPU.ActiveCfg = Release|Any CPU
		{6F4CE813-9E69-4AB4-89DF-8ECF4396588E}.Release|Any CPU.Build.0 = Release|Any CPU
		{6F4CE813-9E69-4AB4-89DF-8ECF4396588E}.Release|ARM.ActiveCfg = Release|Any CPU
		{6F4CE813-9E69-4AB4-89DF-8ECF4396588E}.Release|ARM.Build.0 = Release|Any CPU
		{6F4CE813-9E69-4AB4-89DF-8ECF4396588E}.Release|x64.ActiveCfg = Release|Any CPU
		{6F4CE813-9E69-4AB4-89DF-8ECF4396588E}.Release|x64.Build.0 = Release|Any CPU
		{6F4CE813-9E69-4AB4-89DF-8ECF4396588E}.Release|x86.ActiveCfg = Release|Any CPU
		{6F4CE813-9E69-4AB4-89DF-8ECF4396588E}.Release|x86.Build.0 = Release|Any CPU
		{9362CB82-95D7-49F0-AA21-5DD1ED6A8DD1}.Debug|Any CPU.ActiveCfg = Debug|Any CPU
		{9362CB82-95D7-49F0-AA21-5DD1ED6A8DD1}.Debug|Any CPU.Build.0 = Debug|Any CPU
		{9362CB82-95D7-49F0-AA21-5DD1ED6A8DD1}.Debug|ARM.ActiveCfg = Debug|Any CPU
		{9362CB82-95D7-49F0-AA21-5DD1ED6A8DD1}.Debug|ARM.Build.0 = Debug|Any CPU
		{9362CB82-95D7-49F0-AA21-5DD1ED6A8DD1}.Debug|x64.ActiveCfg = Debug|Any CPU
		{9362CB82-95D7-49F0-AA21-5DD1ED6A8DD1}.Debug|x64.Build.0 = Debug|Any CPU
		{9362CB82-95D7-49F0-AA21-5DD1ED6A8DD1}.Debug|x86.ActiveCfg = Debug|Any CPU
		{9362CB82-95D7-49F0-AA21-5DD1ED6A8DD1}.Debug|x86.Build.0 = Debug|Any CPU
		{9362CB82-95D7-49F0-AA21-5DD1ED6A8DD1}.Release|Any CPU.ActiveCfg = Release|Any CPU
		{9362CB82-95D7-49F0-AA21-5DD1ED6A8DD1}.Release|Any CPU.Build.0 = Release|Any CPU
		{9362CB82-95D7-49F0-AA21-5DD1ED6A8DD1}.Release|ARM.ActiveCfg = Release|Any CPU
		{9362CB82-95D7-49F0-AA21-5DD1ED6A8DD1}.Release|ARM.Build.0 = Release|Any CPU
		{9362CB82-95D7-49F0-AA21-5DD1ED6A8DD1}.Release|x64.ActiveCfg = Release|Any CPU
		{9362CB82-95D7-49F0-AA21-5DD1ED6A8DD1}.Release|x64.Build.0 = Release|Any CPU
		{9362CB82-95D7-49F0-AA21-5DD1ED6A8DD1}.Release|x86.ActiveCfg = Release|Any CPU
		{9362CB82-95D7-49F0-AA21-5DD1ED6A8DD1}.Release|x86.Build.0 = Release|Any CPU
		{0DC51134-8347-4442-BFFD-6C7E5B614459}.Debug|Any CPU.ActiveCfg = Debug|Any CPU
		{0DC51134-8347-4442-BFFD-6C7E5B614459}.Debug|Any CPU.Build.0 = Debug|Any CPU
		{0DC51134-8347-4442-BFFD-6C7E5B614459}.Debug|ARM.ActiveCfg = Debug|Any CPU
		{0DC51134-8347-4442-BFFD-6C7E5B614459}.Debug|ARM.Build.0 = Debug|Any CPU
		{0DC51134-8347-4442-BFFD-6C7E5B614459}.Debug|x64.ActiveCfg = Debug|Any CPU
		{0DC51134-8347-4442-BFFD-6C7E5B614459}.Debug|x64.Build.0 = Debug|Any CPU
		{0DC51134-8347-4442-BFFD-6C7E5B614459}.Debug|x86.ActiveCfg = Debug|Any CPU
		{0DC51134-8347-4442-BFFD-6C7E5B614459}.Debug|x86.Build.0 = Debug|Any CPU
		{0DC51134-8347-4442-BFFD-6C7E5B614459}.Release|Any CPU.ActiveCfg = Release|Any CPU
		{0DC51134-8347-4442-BFFD-6C7E5B614459}.Release|Any CPU.Build.0 = Release|Any CPU
		{0DC51134-8347-4442-BFFD-6C7E5B614459}.Release|ARM.ActiveCfg = Release|Any CPU
		{0DC51134-8347-4442-BFFD-6C7E5B614459}.Release|ARM.Build.0 = Release|Any CPU
		{0DC51134-8347-4442-BFFD-6C7E5B614459}.Release|x64.ActiveCfg = Release|Any CPU
		{0DC51134-8347-4442-BFFD-6C7E5B614459}.Release|x64.Build.0 = Release|Any CPU
		{0DC51134-8347-4442-BFFD-6C7E5B614459}.Release|x86.ActiveCfg = Release|Any CPU
		{0DC51134-8347-4442-BFFD-6C7E5B614459}.Release|x86.Build.0 = Release|Any CPU
		{868A1D2C-9FA1-4E23-88F3-798829E235A5}.Debug|Any CPU.ActiveCfg = Debug|Any CPU
		{868A1D2C-9FA1-4E23-88F3-798829E235A5}.Debug|Any CPU.Build.0 = Debug|Any CPU
		{868A1D2C-9FA1-4E23-88F3-798829E235A5}.Debug|ARM.ActiveCfg = Debug|Any CPU
		{868A1D2C-9FA1-4E23-88F3-798829E235A5}.Debug|ARM.Build.0 = Debug|Any CPU
		{868A1D2C-9FA1-4E23-88F3-798829E235A5}.Debug|x64.ActiveCfg = Debug|Any CPU
		{868A1D2C-9FA1-4E23-88F3-798829E235A5}.Debug|x64.Build.0 = Debug|Any CPU
		{868A1D2C-9FA1-4E23-88F3-798829E235A5}.Debug|x86.ActiveCfg = Debug|Any CPU
		{868A1D2C-9FA1-4E23-88F3-798829E235A5}.Debug|x86.Build.0 = Debug|Any CPU
		{868A1D2C-9FA1-4E23-88F3-798829E235A5}.Release|Any CPU.ActiveCfg = Release|Any CPU
		{868A1D2C-9FA1-4E23-88F3-798829E235A5}.Release|Any CPU.Build.0 = Release|Any CPU
		{868A1D2C-9FA1-4E23-88F3-798829E235A5}.Release|ARM.ActiveCfg = Release|Any CPU
		{868A1D2C-9FA1-4E23-88F3-798829E235A5}.Release|ARM.Build.0 = Release|Any CPU
		{868A1D2C-9FA1-4E23-88F3-798829E235A5}.Release|x64.ActiveCfg = Release|Any CPU
		{868A1D2C-9FA1-4E23-88F3-798829E235A5}.Release|x64.Build.0 = Release|Any CPU
		{868A1D2C-9FA1-4E23-88F3-798829E235A5}.Release|x86.ActiveCfg = Release|Any CPU
		{868A1D2C-9FA1-4E23-88F3-798829E235A5}.Release|x86.Build.0 = Release|Any CPU
		{4411D92E-DF62-4108-A1F8-C15304AD2159}.Debug|Any CPU.ActiveCfg = Debug|Any CPU
		{4411D92E-DF62-4108-A1F8-C15304AD2159}.Debug|Any CPU.Build.0 = Debug|Any CPU
		{4411D92E-DF62-4108-A1F8-C15304AD2159}.Debug|ARM.ActiveCfg = Debug|Any CPU
		{4411D92E-DF62-4108-A1F8-C15304AD2159}.Debug|ARM.Build.0 = Debug|Any CPU
		{4411D92E-DF62-4108-A1F8-C15304AD2159}.Debug|x64.ActiveCfg = Debug|Any CPU
		{4411D92E-DF62-4108-A1F8-C15304AD2159}.Debug|x64.Build.0 = Debug|Any CPU
		{4411D92E-DF62-4108-A1F8-C15304AD2159}.Debug|x86.ActiveCfg = Debug|Any CPU
		{4411D92E-DF62-4108-A1F8-C15304AD2159}.Debug|x86.Build.0 = Debug|Any CPU
		{4411D92E-DF62-4108-A1F8-C15304AD2159}.Release|Any CPU.ActiveCfg = Release|Any CPU
		{4411D92E-DF62-4108-A1F8-C15304AD2159}.Release|Any CPU.Build.0 = Release|Any CPU
		{4411D92E-DF62-4108-A1F8-C15304AD2159}.Release|ARM.ActiveCfg = Release|Any CPU
		{4411D92E-DF62-4108-A1F8-C15304AD2159}.Release|ARM.Build.0 = Release|Any CPU
		{4411D92E-DF62-4108-A1F8-C15304AD2159}.Release|x64.ActiveCfg = Release|Any CPU
		{4411D92E-DF62-4108-A1F8-C15304AD2159}.Release|x64.Build.0 = Release|Any CPU
		{4411D92E-DF62-4108-A1F8-C15304AD2159}.Release|x86.ActiveCfg = Release|Any CPU
		{4411D92E-DF62-4108-A1F8-C15304AD2159}.Release|x86.Build.0 = Release|Any CPU
	EndGlobalSection
	GlobalSection(SolutionProperties) = preSolution
		HideSolutionNode = FALSE
	EndGlobalSection
	GlobalSection(NestedProjects) = preSolution
		{FD87FDDF-789F-4955-8273-C478D4E52573} = {2D0118A7-6E13-4D99-973D-30F91AAB1177}
		{17E5DA6F-3DF4-430A-AF3C-13CD2D424477} = {944619E8-3343-4E08-AF52-74AA6502CF26}
		{32B89445-347A-4BED-8A64-6D0AF6673F3D} = {2D0118A7-6E13-4D99-973D-30F91AAB1177}
		{08CDB58A-0140-430E-AEC1-13F231331339} = {10A71A40-2130-43F0-816F-320D81BDD050}
		{A5A13938-79B7-4380-B94E-7A0C1D2CAC71} = {B6A06AAE-1BDE-4D9B-B48F-1AD11FA97B4C}
		{08BEB2E0-3E62-41C6-9A08-8773284ED66E} = {944619E8-3343-4E08-AF52-74AA6502CF26}
		{B28AD78A-96A1-4ABC-A780-EBEC57BB0CE4} = {BCE66241-CDE4-42A0-B7C9-B058535BEACD}
		{19C908EC-69F8-48D1-BAF4-97E9C38CAC54} = {2D0118A7-6E13-4D99-973D-30F91AAB1177}
		{C259EF3D-CF66-46A9-863B-599377A2B1BF} = {2D0118A7-6E13-4D99-973D-30F91AAB1177}
		{8B6FA3CA-7935-49AC-916C-091B1B5C052A} = {886D924B-1433-4EE2-A3B7-A872F395E9DB}
		{EE0921F8-F786-4103-9ABE-9E0B28444935} = {886D924B-1433-4EE2-A3B7-A872F395E9DB}
		{83EC346D-3084-45B7-A1BA-2569441C27B2} = {886D924B-1433-4EE2-A3B7-A872F395E9DB}
		{6F4CE813-9E69-4AB4-89DF-8ECF4396588E} = {10A71A40-2130-43F0-816F-320D81BDD050}
		{9362CB82-95D7-49F0-AA21-5DD1ED6A8DD1} = {BCE66241-CDE4-42A0-B7C9-B058535BEACD}
		{0DC51134-8347-4442-BFFD-6C7E5B614459} = {944619E8-3343-4E08-AF52-74AA6502CF26}
		{868A1D2C-9FA1-4E23-88F3-798829E235A5} = {944619E8-3343-4E08-AF52-74AA6502CF26}
		{4411D92E-DF62-4108-A1F8-C15304AD2159} = {944619E8-3343-4E08-AF52-74AA6502CF26}
	EndGlobalSection
	GlobalSection(ExtensibilityGlobals) = postSolution
		SolutionGuid = {112B5457-6A86-42D2-8B69-CCC223CDB6B3}
	EndGlobalSection
EndGlobal
